
Microsoft Visual Studio Solution File, Format Version 11.00
# Visual Studio 2010
Project("{FAE04EC0-301F-11D3-BF4B-00C04F79EFBC}") = "SitecoreUpdateAutomation", "SitecoreUpdateAutomation\SitecoreUpdateAutomation.csproj", "{3EE68955-065A-4699-9BFC-22E256838A02}"
EndProject
Global
	GlobalSection(SolutionConfigurationPlatforms) = preSolution
		6.2.0 100104|Any CPU = 6.2.0 100104|Any CPU
		6.2.0 100507|Any CPU = 6.2.0 100507|Any CPU
		6.2.0 100701|Any CPU = 6.2.0 100701|Any CPU
		6.3.0 100716|Any CPU = 6.3.0 100716|Any CPU
		6.3.0 100830|Any CPU = 6.3.0 100830|Any CPU
		6.4.0 101012|Any CPU = 6.4.0 101012|Any CPU
		6.4.0 101124|Any CPU = 6.4.0 101124|Any CPU
		6.4.1 101221|Any CPU = 6.4.1 101221|Any CPU
		6.4.1 110324|Any CPU = 6.4.1 110324|Any CPU
		6.5.0 110602|Any CPU = 6.5.0 110602|Any CPU
		6.5.0 110818|Any CPU = 6.5.0 110818|Any CPU
		6.5.0 111123|Any CPU = 6.5.0 111123|Any CPU
		6.5.0 111230|Any CPU = 6.5.0 111230|Any CPU
		6.5.0 120427|Any CPU = 6.5.0 120427|Any CPU
		6.5.0 120706|Any CPU = 6.5.0 120706|Any CPU
	EndGlobalSection
	GlobalSection(ProjectConfigurationPlatforms) = postSolution
		{3EE68955-065A-4699-9BFC-22E256838A02}.6.2.0 100104|Any CPU.ActiveCfg = 6.2.0 100104|Any CPU
		{3EE68955-065A-4699-9BFC-22E256838A02}.6.2.0 100104|Any CPU.Build.0 = 6.2.0 100104|Any CPU
		{3EE68955-065A-4699-9BFC-22E256838A02}.6.2.0 100507|Any CPU.ActiveCfg = 6.2.0 100507|Any CPU
		{3EE68955-065A-4699-9BFC-22E256838A02}.6.2.0 100507|Any CPU.Build.0 = 6.2.0 100507|Any CPU
		{3EE68955-065A-4699-9BFC-22E256838A02}.6.2.0 100701|Any CPU.ActiveCfg = 6.2.0 100701|Any CPU
		{3EE68955-065A-4699-9BFC-22E256838A02}.6.2.0 100701|Any CPU.Build.0 = 6.2.0 100701|Any CPU
		{3EE68955-065A-4699-9BFC-22E256838A02}.6.3.0 100716|Any CPU.ActiveCfg = 6.3.0 100716|Any CPU
		{3EE68955-065A-4699-9BFC-22E256838A02}.6.3.0 100716|Any CPU.Build.0 = 6.3.0 100716|Any CPU
		{3EE68955-065A-4699-9BFC-22E256838A02}.6.3.0 100830|Any CPU.ActiveCfg = 6.3.0 100830|Any CPU
		{3EE68955-065A-4699-9BFC-22E256838A02}.6.3.0 100830|Any CPU.Build.0 = 6.3.0 100830|Any CPU
		{3EE68955-065A-4699-9BFC-22E256838A02}.6.4.0 101012|Any CPU.ActiveCfg = 6.4.0 101012|Any CPU
		{3EE68955-065A-4699-9BFC-22E256838A02}.6.4.0 101012|Any CPU.Build.0 = 6.4.0 101012|Any CPU
		{3EE68955-065A-4699-9BFC-22E256838A02}.6.4.0 101124|Any CPU.ActiveCfg = 6.4.0 101124|Any CPU
		{3EE68955-065A-4699-9BFC-22E256838A02}.6.4.0 101124|Any CPU.Build.0 = 6.4.0 101124|Any CPU
		{3EE68955-065A-4699-9BFC-22E256838A02}.6.4.1 101221|Any CPU.ActiveCfg = 6.4.1 101221|Any CPU
		{3EE68955-065A-4699-9BFC-22E256838A02}.6.4.1 101221|Any CPU.Build.0 = 6.4.1 101221|Any CPU
		{3EE68955-065A-4699-9BFC-22E256838A02}.6.4.1 110324|Any CPU.ActiveCfg = 6.4.1 110324|Any CPU
		{3EE68955-065A-4699-9BFC-22E256838A02}.6.4.1 110324|Any CPU.Build.0 = 6.4.1 110324|Any CPU
		{3EE68955-065A-4699-9BFC-22E256838A02}.6.5.0 110602|Any CPU.ActiveCfg = 6.5.0 110602|Any CPU
		{3EE68955-065A-4699-9BFC-22E256838A02}.6.5.0 110602|Any CPU.Build.0 = 6.5.0 110602|Any CPU
		{3EE68955-065A-4699-9BFC-22E256838A02}.6.5.0 110818|Any CPU.ActiveCfg = 6.5.0 110818|Any CPU
		{3EE68955-065A-4699-9BFC-22E256838A02}.6.5.0 110818|Any CPU.Build.0 = 6.5.0 110818|Any CPU
		{3EE68955-065A-4699-9BFC-22E256838A02}.6.5.0 111123|Any CPU.ActiveCfg = 6.5.0 111123|Any CPU
		{3EE68955-065A-4699-9BFC-22E256838A02}.6.5.0 111123|Any CPU.Build.0 = 6.5.0 111123|Any CPU
		{3EE68955-065A-4699-9BFC-22E256838A02}.6.5.0 111230|Any CPU.ActiveCfg = 6.5.0 111230|Any CPU
		{3EE68955-065A-4699-9BFC-22E256838A02}.6.5.0 111230|Any CPU.Build.0 = 6.5.0 111230|Any CPU
		{3EE68955-065A-4699-9BFC-22E256838A02}.6.5.0 120427|Any CPU.ActiveCfg = 6.5.0 120427|Any CPU
		{3EE68955-065A-4699-9BFC-22E256838A02}.6.5.0 120427|Any CPU.Build.0 = 6.5.0 120427|Any CPU
		{3EE68955-065A-4699-9BFC-22E256838A02}.6.5.0 120706|Any CPU.ActiveCfg = 6.5.0 120706|Any CPU
		{3EE68955-065A-4699-9BFC-22E256838A02}.6.5.0 120706|Any CPU.Build.0 = 6.5.0 120706|Any CPU
	EndGlobalSection
	GlobalSection(SolutionProperties) = preSolution
		HideSolutionNode = FALSE
	EndGlobalSection
EndGlobal
